// !$*UTF8*$!
{
	archiveVersion = 1;
	classes = {
	};
	objectVersion = 46;
	objects = {

/* Begin PBXBuildFile section */
		8F76AC7A1BDAECD90073C26E /* AppDelegate.swift in Sources */ = {isa = PBXBuildFile; fileRef = 8F76AC791BDAECD90073C26E /* AppDelegate.swift */; };
		8F76AC7C1BDAECD90073C26E /* ViewController.swift in Sources */ = {isa = PBXBuildFile; fileRef = 8F76AC7B1BDAECD90073C26E /* ViewController.swift */; };
		8F76AC7F1BDAECD90073C26E /* Main.storyboard in Resources */ = {isa = PBXBuildFile; fileRef = 8F76AC7D1BDAECD90073C26E /* Main.storyboard */; };
		8F76AC811BDAECD90073C26E /* Assets.xcassets in Resources */ = {isa = PBXBuildFile; fileRef = 8F76AC801BDAECD90073C26E /* Assets.xcassets */; };
		8F76AC841BDAECD90073C26E /* LaunchScreen.storyboard in Resources */ = {isa = PBXBuildFile; fileRef = 8F76AC821BDAECD90073C26E /* LaunchScreen.storyboard */; };
/* End PBXBuildFile section */

/* Begin PBXFileReference section */
		8F76AC761BDAECD90073C26E /* Test.app */ = {isa = PBXFileReference; explicitFileType = wrapper.application; includeInIndex = 0; path = Test.app; sourceTree = BUILT_PRODUCTS_DIR; };
		8F76AC791BDAECD90073C26E /* AppDelegate.swift */ = {isa = PBXFileReference; lastKnownFileType = sourcecode.swift; path = AppDelegate.swift; sourceTree = "<group>"; };
		8F76AC7B1BDAECD90073C26E /* ViewController.swift */ = {isa = PBXFileReference; lastKnownFileType = sourcecode.swift; path = ViewController.swift; sourceTree = "<group>"; };
		8F76AC7E1BDAECD90073C26E /* Base */ = {isa = PBXFileReference; lastKnownFileType = file.storyboard; name = Base; path = Base.lproj/Main.storyboard; sourceTree = "<group>"; };
		8F76AC801BDAECD90073C26E /* Assets.xcassets */ = {isa = PBXFileReference; lastKnownFileType = folder.assetcatalog; path = Assets.xcassets; sourceTree = "<group>"; };
		8F76AC831BDAECD90073C26E /* Base */ = {isa = PBXFileReference; lastKnownFileType = file.storyboard; name = Base; path = Base.lproj/LaunchScreen.storyboard; sourceTree = "<group>"; };
		8F76AC851BDAECD90073C26E /* Info.plist */ = {isa = PBXFileReference; lastKnownFileType = text.plist.xml; path = Info.plist; sourceTree = "<group>"; };
/* End PBXFileReference section */

/* Begin PBXFrameworksBuildPhase section */
		8F76AC731BDAECD90073C26E /* Frameworks */ = {
			isa = PBXFrameworksBuildPhase;
			buildActionMask = 2147483647;
			files = (
			);
			runOnlyForDeploymentPostprocessing = 0;
		};
/* End PBXFrameworksBuildPhase section */

/* Begin PBXGroup section */
		8F76AC6D1BDAECD90073C26E = {
			isa = PBXGroup;
			children = (
				8F76AC781BDAECD90073C26E /* Test */,
				8F76AC771BDAECD90073C26E /* Products */,
			);
			sourceTree = "<group>";
		};
		8F76AC771BDAECD90073C26E /* Products */ = {
			isa = PBXGroup;
			children = (
				8F76AC761BDAECD90073C26E /* Test.app */,
			);
			name = Products;
			sourceTree = "<group>";
		};
		8F76AC781BDAECD90073C26E /* Test */ = {
			isa = PBXGroup;
			children = (
				8F76AC791BDAECD90073C26E /* AppDelegate.swift */,
				8F76AC7B1BDAECD90073C26E /* ViewController.swift */,
				8F76AC7D1BDAECD90073C26E /* Main.storyboard */,
				8F76AC801BDAECD90073C26E /* Assets.xcassets */,
				8F76AC821BDAECD90073C26E /* LaunchScreen.storyboard */,
				8F76AC851BDAECD90073C26E /* Info.plist */,
			);
			path = Test;
			sourceTree = "<group>";
		};
/* End PBXGroup section */

/* Begin PBXNativeTarget section */
		8F76AC751BDAECD90073C26E /* Test */ = {
			isa = PBXNativeTarget;
			buildConfigurationList = 8F76AC881BDAECD90073C26E /* Build configuration list for PBXNativeTarget "Test" */;
			buildPhases = (
				8F76AC721BDAECD90073C26E /* Sources */,
				8F76AC731BDAECD90073C26E /* Frameworks */,
				8F76AC741BDAECD90073C26E /* Resources */,
			);
			buildRules = (
			);
			dependencies = (
			);
			name = Test;
			productName = Test;
			productReference = 8F76AC761BDAECD90073C26E /* Test.app */;
			productType = "com.apple.product-type.application";
		};
/* End PBXNativeTarget section */

/* Begin PBXProject section */
		8F76AC6E1BDAECD90073C26E /* Project object */ = {
			isa = PBXProject;
			attributes = {
				LastUpgradeCheck = 0700;
				ORGANIZATIONNAME = "Shantanu Rao";
				TargetAttributes = {
					8F76AC751BDAECD90073C26E = {
						CreatedOnToolsVersion = 7.0;
						DevelopmentTeam = 72D5564LLE;
					};
				};
			};
			buildConfigurationList = 8F76AC711BDAECD90073C26E /* Build configuration list for PBXProject "Test" */;
			compatibilityVersion = "Xcode 3.2";
			developmentRegion = English;
			hasScannedForEncodings = 0;
			knownRegions = (
				en,
				Base,
			);
			mainGroup = 8F76AC6D1BDAECD90073C26E;
			productRefGroup = 8F76AC771BDAECD90073C26E /* Products */;
			projectDirPath = "";
			projectRoot = "";
			targets = (
				8F76AC751BDAECD90073C26E /* Test */,
			);
		};
/* End PBXProject section */

/* Begin PBXResourcesBuildPhase section */
		8F76AC741BDAECD90073C26E /* Resources */ = {
			isa = PBXResourcesBuildPhase;
			buildActionMask = 2147483647;
			files = (
				8F76AC841BDAECD90073C26E /* LaunchScreen.storyboard in Resources */,
				8F76AC811BDAECD90073C26E /* Assets.xcassets in Resources */,
				8F76AC7F1BDAECD90073C26E /* Main.storyboard in Resources */,
			);
			runOnlyForDeploymentPostprocessing = 0;
		};
/* End PBXResourcesBuildPhase section */

/* Begin PBXSourcesBuildPhase section */
		8F76AC721BDAECD90073C26E /* Sources */ = {
			isa = PBXSourcesBuildPhase;
			buildActionMask = 2147483647;
			files = (
				8F76AC7C1BDAECD90073C26E /* ViewController.swift in Sources */,
				8F76AC7A1BDAECD90073C26E /* AppDelegate.swift in Sources */,
			);
			runOnlyForDeploymentPostprocessing = 0;
		};
/* End PBXSourcesBuildPhase section */

/* Begin PBXVariantGroup section */
		8F76AC7D1BDAECD90073C26E /* Main.storyboard */ = {
			isa = PBXVariantGroup;
			children = (
				8F76AC7E1BDAECD90073C26E /* Base */,
			);
			name = Main.storyboard;
			sourceTree = "<group>";
		};
		8F76AC821BDAECD90073C26E /* LaunchScreen.storyboard */ = {
			isa = PBXVariantGroup;
			children = (
				8F76AC831BDAECD90073C26E /* Base */,
			);
			name = LaunchScreen.storyboard;
			sourceTree = "<group>";
		};
/* End PBXVariantGroup section */

/* Begin XCBuildConfiguration section */
		8F76AC861BDAECD90073C26E /* Debug */ = {
			isa = XCBuildConfiguration;
			buildSettings = {
				ALWAYS_SEARCH_USER_PATHS = NO;
				CLANG_CXX_LANGUAGE_STANDARD = "gnu++0x";
				CLANG_CXX_LIBRARY = "libc++";
				CLANG_ENABLE_MODULES = YES;
				CLANG_ENABLE_OBJC_ARC = YES;
				CLANG_WARN_BOOL_CONVERSION = YES;
				CLANG_WARN_CONSTANT_CONVERSION = YES;
				CLANG_WARN_DIRECT_OBJC_ISA_USAGE = YES_ERROR;
				CLANG_WARN_EMPTY_BODY = YES;
				CLANG_WARN_ENUM_CONVERSION = YES;
				CLANG_WARN_INT_CONVERSION = YES;
				CLANG_WARN_OBJC_ROOT_CLASS = YES_ERROR;
				CLANG_WARN_UNREACHABLE_CODE = YES;
				CLANG_WARN__DUPLICATE_METHOD_MATCH = YES;
				"CODE_SIGN_IDENTITY[sdk=iphoneos*]" = "iPhone Developer";
				COPY_PHASE_STRIP = NO;
				DEBUG_INFORMATION_FORMAT = dwarf;
				ENABLE_STRICT_OBJC_MSGSEND = YES;
				ENABLE_TESTABILITY = YES;
				GCC_C_LANGUAGE_STANDARD = gnu99;
				GCC_DYNAMIC_NO_PIC = NO;
				GCC_NO_COMMON_BLOCKS = YES;
				GCC_OPTIMIZATION_LEVEL = 0;
				GCC_PREPROCESSOR_DEFINITIONS = (
					"DEBUG=1",
					"$(inherited)",
				);
				GCC_WARN_64_TO_32_BIT_CONVERSION = YES;
				GCC_WARN_ABOUT_RETURN_TYPE = YES_ERROR;
				GCC_WARN_UNDECLARED_SELECTOR = YES;
				GCC_WARN_UNINITIALIZED_AUTOS = YES_AGGRESSIVE;
				GCC_WARN_UNUSED_FUNCTION = YES;
				GCC_WARN_UNUSED_VARIABLE = YES;
				IPHONEOS_DEPLOYMENT_TARGET = 9.0;
				MTL_ENABLE_DEBUG_INFO = YES;
				ONLY_ACTIVE_ARCH = YES;
				SDKROOT = iphoneos;
				SWIFT_OPTIMIZATION_LEVEL = "-Onone";
			};
			name = Debug;
		};
		8F76AC871BDAECD90073C26E /* Release */ = {
			isa = XCBuildConfiguration;
			buildSettings = {
				ALWAYS_SEARCH_USER_PATHS = NO;
				CLANG_CXX_LANGUAGE_STANDARD = "gnu++0x";
				CLANG_CXX_LIBRARY = "libc++";
				CLANG_ENABLE_MODULES = YES;
				CLANG_ENABLE_OBJC_ARC = YES;
				CLANG_WARN_BOOL_CONVERSION = YES;
				CLANG_WARN_CONSTANT_CONVERSION = YES;
				CLANG_WARN_DIRECT_OBJC_ISA_USAGE = YES_ERROR;
				CLANG_WARN_EMPTY_BODY = YES;
				CLANG_WARN_ENUM_CONVERSION = YES;
				CLANG_WARN_INT_CONVERSION = YES;
				CLANG_WARN_OBJC_ROOT_CLASS = YES_ERROR;
				CLANG_WARN_UNREACHABLE_CODE = YES;
				CLANG_WARN__DUPLICATE_METHOD_MATCH = YES;
				"CODE_SIGN_IDENTITY[sdk=iphoneos*]" = "iPhone Developer";
				COPY_PHASE_STRIP = NO;
				DEBUG_INFORMATION_FORMAT = "dwarf-with-dsym";
				ENABLE_NS_ASSERTIONS = NO;
				ENABLE_STRICT_OBJC_MSGSEND = YES;
				GCC_C_LANGUAGE_STANDARD = gnu99;
				GCC_NO_COMMON_BLOCKS = YES;
				GCC_WARN_64_TO_32_BIT_CONVERSION = YES;
				GCC_WARN_ABOUT_RETURN_TYPE = YES_ERROR;
				GCC_WARN_UNDECLARED_SELECTOR = YES;
				GCC_WARN_UNINITIALIZED_AUTOS = YES_AGGRESSIVE;
				GCC_WARN_UNUSED_FUNCTION = YES;
				GCC_WARN_UNUSED_VARIABLE = YES;
				IPHONEOS_DEPLOYMENT_TARGET = 9.0;
				MTL_ENABLE_DEBUG_INFO = NO;
				SDKROOT = iphoneos;
				VALIDATE_PRODUCT = YES;
			};
			name = Release;
		};
		8F76AC891BDAECD90073C26E /* Debug */ = {
			isa = XCBuildConfiguration;
			buildSettings = {
				ASSETCATALOG_COMPILER_APPICON_NAME = AppIcon;
				INFOPLIST_FILE = Test/Info.plist;
				LD_RUNPATH_SEARCH_PATHS = "$(inherited) @executable_path/Frameworks";
				PRODUCT_BUNDLE_IDENTIFIER = org.shanrao.Test;
				PRODUCT_NAME = "$(TARGET_NAME)";
			};
			name = Debug;
		};
		8F76AC8A1BDAECD90073C26E /* Release */ = {
			isa = XCBuildConfiguration;
			buildSettings = {
				ASSETCATALOG_COMPILER_APPICON_NAME = AppIcon;
				INFOPLIST_FILE = Test/Info.plist;
				LD_RUNPATH_SEARCH_PATHS = "$(inherited) @executable_path/Frameworks";
				PRODUCT_BUNDLE_IDENTIFIER = org.shanrao.Test;
				PRODUCT_NAME = "$(TARGET_NAME)";
			};
			name = Release;
		};
/* End XCBuildConfiguration section */

/* Begin XCConfigurationList section */
		8F76AC711BDAECD90073C26E /* Build configuration list for PBXProject "Test" */ = {
			isa = XCConfigurationList;
			buildConfigurations = (
				8F76AC861BDAECD90073C26E /* Debug */,
				8F76AC871BDAECD90073C26E /* Release */,
			);
			defaultConfigurationIsVisible = 0;
			defaultConfigurationName = Release;
		};
		8F76AC881BDAECD90073C26E /* Build configuration list for PBXNativeTarget "Test" */ = {
			isa = XCConfigurationList;
			buildConfigurations = (
				8F76AC891BDAECD90073C26E /* Debug */,
				8F76AC8A1BDAECD90073C26E /* Release */,
			);
			defaultConfigurationIsVisible = 0;
		};
/* End XCConfigurationList section */
	};
	rootObject = 8F76AC6E1BDAECD90073C26E /* Project object */;
}
